
Microsoft Visual Studio Solution File, Format Version 12.00
# Visual Studio 15
VisualStudioVersion = 15.0.28307.489
MinimumVisualStudioVersion = 10.0.40219.1
Project("{FAE04EC0-301F-11D3-BF4B-00C04F79EFBC}") = "lab2pepera1", "lab2pepera1\lab2pepera1.csproj", "{4919FB8C-CCBB-42BA-B8AC-F1D36045C648}"
EndProject
Global
	GlobalSection(SolutionConfigurationPlatforms) = preSolution
		Debug|Any CPU = Debug|Any CPU
		Release|Any CPU = Release|Any CPU
	EndGlobalSection
	GlobalSection(ProjectConfigurationPlatforms) = postSolution
		{4919FB8C-CCBB-42BA-B8AC-F1D36045C648}.Debug|Any CPU.ActiveCfg = Debug|Any CPU
		{4919FB8C-CCBB-42BA-B8AC-F1D36045C648}.Debug|Any CPU.Build.0 = Debug|Any CPU
		{4919FB8C-CCBB-42BA-B8AC-F1D36045C648}.Release|Any CPU.ActiveCfg = Release|Any CPU
		{4919FB8C-CCBB-42BA-B8AC-F1D36045C648}.Release|Any CPU.Build.0 = Release|Any CPU
	EndGlobalSection
	GlobalSection(SolutionProperties) = preSolution
		HideSolutionNode = FALSE
	EndGlobalSection
	GlobalSection(ExtensibilityGlobals) = postSolution
		SolutionGuid = {977F4BC0-3C63-4416-A237-7A13E5AD78E6}
	EndGlobalSection
EndGlobal
